
Microsoft Visual Studio Solution File, Format Version 12.00
# Visual Studio Version 16
VisualStudioVersion = 16.0.29911.84
MinimumVisualStudioVersion = 10.0.40219.1
Project("{FAE04EC0-301F-11D3-BF4B-00C04F79EFBC}") = "快迅通_通讯服务器", "快迅通_通讯服务器\快迅通_通讯服务器.csproj", "{A4A3E4A9-440A-4B65-9679-2889B6E179CE}"
EndProject
Global
	GlobalSection(SolutionConfigurationPlatforms) = preSolution
		Debug|Any CPU = Debug|Any CPU
		Release|Any CPU = Release|Any CPU
	EndGlobalSection
	GlobalSection(ProjectConfigurationPlatforms) = postSolution
		{A4A3E4A9-440A-4B65-9679-2889B6E179CE}.Debug|Any CPU.ActiveCfg = Debug|Any CPU
		{A4A3E4A9-440A-4B65-9679-2889B6E179CE}.Debug|Any CPU.Build.0 = Debug|Any CPU
		{A4A3E4A9-440A-4B65-9679-2889B6E179CE}.Release|Any CPU.ActiveCfg = Release|Any CPU
		{A4A3E4A9-440A-4B65-9679-2889B6E179CE}.Release|Any CPU.Build.0 = Release|Any CPU
	EndGlobalSection
	GlobalSection(SolutionProperties) = preSolution
		HideSolutionNode = FALSE
	EndGlobalSection
	GlobalSection(ExtensibilityGlobals) = postSolution
		SolutionGuid = {E7B2E78E-3BE7-4660-9532-7B3A3634AAD7}
	EndGlobalSection
EndGlobal
