
Microsoft Visual Studio Solution File, Format Version 12.00
# Visual Studio Version 16
VisualStudioVersion = 16.0.29911.84
MinimumVisualStudioVersion = 10.0.40219.1
Project("{FAE04EC0-301F-11D3-BF4B-00C04F79EFBC}") = "快迅通_文件服务器", "快迅通_文件服务器\快迅通_文件服务器.csproj", "{AC1106F0-7BAE-4B0E-B1CE-64B6943D1EB5}"
EndProject
Global
	GlobalSection(SolutionConfigurationPlatforms) = preSolution
		Debug|Any CPU = Debug|Any CPU
		Release|Any CPU = Release|Any CPU
	EndGlobalSection
	GlobalSection(ProjectConfigurationPlatforms) = postSolution
		{AC1106F0-7BAE-4B0E-B1CE-64B6943D1EB5}.Debug|Any CPU.ActiveCfg = Debug|Any CPU
		{AC1106F0-7BAE-4B0E-B1CE-64B6943D1EB5}.Debug|Any CPU.Build.0 = Debug|Any CPU
		{AC1106F0-7BAE-4B0E-B1CE-64B6943D1EB5}.Release|Any CPU.ActiveCfg = Release|Any CPU
		{AC1106F0-7BAE-4B0E-B1CE-64B6943D1EB5}.Release|Any CPU.Build.0 = Release|Any CPU
	EndGlobalSection
	GlobalSection(SolutionProperties) = preSolution
		HideSolutionNode = FALSE
	EndGlobalSection
	GlobalSection(ExtensibilityGlobals) = postSolution
		SolutionGuid = {29529FA9-F1E1-41F1-91A2-F71D79EDFAAD}
	EndGlobalSection
EndGlobal
